
Microsoft Visual Studio Solution File, Format Version 12.00
# Visual Studio Version 16
VisualStudioVersion = 16.0.28803.202
MinimumVisualStudioVersion = 10.0.40219.1
Project("{FAE04EC0-301F-11D3-BF4B-00C04F79EFBC}") = "Lab_6", "Lab_6\Lab_6.csproj", "{4A3E369D-6298-4C2D-97D7-04999F0E52CD}"
EndProject
Global
	GlobalSection(SolutionConfigurationPlatforms) = preSolution
		Debug|Any CPU = Debug|Any CPU
		Release|Any CPU = Release|Any CPU
	EndGlobalSection
	GlobalSection(ProjectConfigurationPlatforms) = postSolution
		{4A3E369D-6298-4C2D-97D7-04999F0E52CD}.Debug|Any CPU.ActiveCfg = Debug|Any CPU
		{4A3E369D-6298-4C2D-97D7-04999F0E52CD}.Debug|Any CPU.Build.0 = Debug|Any CPU
		{4A3E369D-6298-4C2D-97D7-04999F0E52CD}.Release|Any CPU.ActiveCfg = Release|Any CPU
		{4A3E369D-6298-4C2D-97D7-04999F0E52CD}.Release|Any CPU.Build.0 = Release|Any CPU
	EndGlobalSection
	GlobalSection(SolutionProperties) = preSolution
		HideSolutionNode = FALSE
	EndGlobalSection
	GlobalSection(ExtensibilityGlobals) = postSolution
		SolutionGuid = {9160636B-C8C6-4500-BEA8-31F24FE61351}
	EndGlobalSection
EndGlobal
